
Microsoft Visual Studio Solution File, Format Version 12.00
# Visual Studio Version 17
VisualStudioVersion = 17.6.33815.320
MinimumVisualStudioVersion = 10.0.40219.1
Project("{FAE04EC0-301F-11D3-BF4B-00C04F79EFBC}") = "Automation", "Automation.csproj", "{A51BCDAB-5B3B-493A-8048-D4CD963BA84A}"
EndProject
Project("{FAE04EC0-301F-11D3-BF4B-00C04F79EFBC}") = "Automation.P0Tests", "tests\\Automation.P0Tests\\Automation.P0Tests.csproj", "{C24BCE2C-79CE-4DD1-A43F-E5934DF507EE}"
EndProject
Global
	GlobalSection(SolutionConfigurationPlatforms) = preSolution
		Debug|Any CPU = Debug|Any CPU
		Release|Any CPU = Release|Any CPU
	EndGlobalSection
	GlobalSection(ProjectConfigurationPlatforms) = postSolution
		{A51BCDAB-5B3B-493A-8048-D4CD963BA84A}.Debug|Any CPU.ActiveCfg = Debug|Any CPU
		{A51BCDAB-5B3B-493A-8048-D4CD963BA84A}.Debug|Any CPU.Build.0 = Debug|Any CPU
		{A51BCDAB-5B3B-493A-8048-D4CD963BA84A}.Release|Any CPU.ActiveCfg = Release|Any CPU
		{A51BCDAB-5B3B-493A-8048-D4CD963BA84A}.Release|Any CPU.Build.0 = Release|Any CPU
		{C24BCE2C-79CE-4DD1-A43F-E5934DF507EE}.Debug|Any CPU.ActiveCfg = Debug|Any CPU
		{C24BCE2C-79CE-4DD1-A43F-E5934DF507EE}.Debug|Any CPU.Build.0 = Debug|Any CPU
		{C24BCE2C-79CE-4DD1-A43F-E5934DF507EE}.Release|Any CPU.ActiveCfg = Release|Any CPU
		{C24BCE2C-79CE-4DD1-A43F-E5934DF507EE}.Release|Any CPU.Build.0 = Release|Any CPU
	EndGlobalSection
	GlobalSection(SolutionProperties) = preSolution
		HideSolutionNode = FALSE
	EndGlobalSection
	GlobalSection(ExtensibilityGlobals) = postSolution
		SolutionGuid = {13CE40E1-B4D1-48FA-AC1C-DC63C28B2352}
	EndGlobalSection
EndGlobal
